
Microsoft Visual Studio Solution File, Format Version 12.00
# Visual Studio Version 17
VisualStudioVersion = 17.10.35122.118
MinimumVisualStudioVersion = 10.0.40219.1
Project("{9A19103F-16F7-4668-BE54-9A1E7A4F7556}") = "TestWebStagiaire2024", "TestWebStagiaire2024.csproj", "{F41A6E36-9AAC-42A2-BFCB-B3F8EC84ECB7}"
EndProject
Global
	GlobalSection(SolutionConfigurationPlatforms) = preSolution
		Debug|Any CPU = Debug|Any CPU
		Release|Any CPU = Release|Any CPU
	EndGlobalSection
	GlobalSection(ProjectConfigurationPlatforms) = postSolution
		{F41A6E36-9AAC-42A2-BFCB-B3F8EC84ECB7}.Debug|Any CPU.ActiveCfg = Debug|Any CPU
		{F41A6E36-9AAC-42A2-BFCB-B3F8EC84ECB7}.Debug|Any CPU.Build.0 = Debug|Any CPU
		{F41A6E36-9AAC-42A2-BFCB-B3F8EC84ECB7}.Release|Any CPU.ActiveCfg = Release|Any CPU
		{F41A6E36-9AAC-42A2-BFCB-B3F8EC84ECB7}.Release|Any CPU.Build.0 = Release|Any CPU
	EndGlobalSection
	GlobalSection(SolutionProperties) = preSolution
		HideSolutionNode = FALSE
	EndGlobalSection
	GlobalSection(ExtensibilityGlobals) = postSolution
		SolutionGuid = {0A0D6708-0F7C-402D-AFF3-6D5804DDAA88}
	EndGlobalSection
EndGlobal
